
Microsoft Visual Studio Solution File, Format Version 12.00
# Visual Studio Version 17
VisualStudioVersion = 17.5.33516.290
MinimumVisualStudioVersion = 10.0.40219.1
Project("{FAE04EC0-301F-11D3-BF4B-00C04F79EFBC}") = "Menu System", "Menu System\Menu System.csproj", "{918F7FC6-4249-4D13-AD99-682DCC658BC6}"
EndProject
Global
	GlobalSection(SolutionConfigurationPlatforms) = preSolution
		Debug|Any CPU = Debug|Any CPU
		Release|Any CPU = Release|Any CPU
	EndGlobalSection
	GlobalSection(ProjectConfigurationPlatforms) = postSolution
		{918F7FC6-4249-4D13-AD99-682DCC658BC6}.Debug|Any CPU.ActiveCfg = Debug|Any CPU
		{918F7FC6-4249-4D13-AD99-682DCC658BC6}.Debug|Any CPU.Build.0 = Debug|Any CPU
		{918F7FC6-4249-4D13-AD99-682DCC658BC6}.Release|Any CPU.ActiveCfg = Release|Any CPU
		{918F7FC6-4249-4D13-AD99-682DCC658BC6}.Release|Any CPU.Build.0 = Release|Any CPU
	EndGlobalSection
	GlobalSection(SolutionProperties) = preSolution
		HideSolutionNode = FALSE
	EndGlobalSection
	GlobalSection(ExtensibilityGlobals) = postSolution
		SolutionGuid = {01CB1142-ED32-4CF9-B150-15A31C045342}
	EndGlobalSection
EndGlobal
